
Microsoft Visual Studio Solution File, Format Version 12.00
# Visual Studio Version 16
VisualStudioVersion = 16.0.31321.278
MinimumVisualStudioVersion = 10.0.40219.1
Project("{FAE04EC0-301F-11D3-BF4B-00C04F79EFBC}") = "View", "DigitalGamesStore\View.csproj", "{AE294C50-B682-4405-9420-597B3D5072DB}"
EndProject
Project("{FAE04EC0-301F-11D3-BF4B-00C04F79EFBC}") = "Data", "Data\Data.csproj", "{3498C570-1B9C-44D3-B9F8-A2BB020826DA}"
EndProject
Project("{FAE04EC0-301F-11D3-BF4B-00C04F79EFBC}") = "Controller", "Controller\Controller.csproj", "{993F14C1-27B4-434E-A151-18F5474857E4}"
EndProject
Project("{FAE04EC0-301F-11D3-BF4B-00C04F79EFBC}") = "Model", "Model\Model.csproj", "{AC0CDCCE-8F92-4040-BC93-9AEF16634B09}"
EndProject
Global
	GlobalSection(SolutionConfigurationPlatforms) = preSolution
		Debug|Any CPU = Debug|Any CPU
		Release|Any CPU = Release|Any CPU
	EndGlobalSection
	GlobalSection(ProjectConfigurationPlatforms) = postSolution
		{AE294C50-B682-4405-9420-597B3D5072DB}.Debug|Any CPU.ActiveCfg = Debug|Any CPU
		{AE294C50-B682-4405-9420-597B3D5072DB}.Debug|Any CPU.Build.0 = Debug|Any CPU
		{AE294C50-B682-4405-9420-597B3D5072DB}.Release|Any CPU.ActiveCfg = Release|Any CPU
		{AE294C50-B682-4405-9420-597B3D5072DB}.Release|Any CPU.Build.0 = Release|Any CPU
		{3498C570-1B9C-44D3-B9F8-A2BB020826DA}.Debug|Any CPU.ActiveCfg = Debug|Any CPU
		{3498C570-1B9C-44D3-B9F8-A2BB020826DA}.Debug|Any CPU.Build.0 = Debug|Any CPU
		{3498C570-1B9C-44D3-B9F8-A2BB020826DA}.Release|Any CPU.ActiveCfg = Release|Any CPU
		{3498C570-1B9C-44D3-B9F8-A2BB020826DA}.Release|Any CPU.Build.0 = Release|Any CPU
		{993F14C1-27B4-434E-A151-18F5474857E4}.Debug|Any CPU.ActiveCfg = Debug|Any CPU
		{993F14C1-27B4-434E-A151-18F5474857E4}.Debug|Any CPU.Build.0 = Debug|Any CPU
		{993F14C1-27B4-434E-A151-18F5474857E4}.Release|Any CPU.ActiveCfg = Release|Any CPU
		{993F14C1-27B4-434E-A151-18F5474857E4}.Release|Any CPU.Build.0 = Release|Any CPU
		{AC0CDCCE-8F92-4040-BC93-9AEF16634B09}.Debug|Any CPU.ActiveCfg = Debug|Any CPU
		{AC0CDCCE-8F92-4040-BC93-9AEF16634B09}.Debug|Any CPU.Build.0 = Debug|Any CPU
		{AC0CDCCE-8F92-4040-BC93-9AEF16634B09}.Release|Any CPU.ActiveCfg = Release|Any CPU
		{AC0CDCCE-8F92-4040-BC93-9AEF16634B09}.Release|Any CPU.Build.0 = Release|Any CPU
	EndGlobalSection
	GlobalSection(SolutionProperties) = preSolution
		HideSolutionNode = FALSE
	EndGlobalSection
	GlobalSection(ExtensibilityGlobals) = postSolution
		SolutionGuid = {218F59A8-B5DD-416D-A88F-3E7DACAE2767}
	EndGlobalSection
EndGlobal
